
Microsoft Visual Studio Solution File, Format Version 12.00
# Visual Studio Version 17
VisualStudioVersion = 17.11.35327.3
MinimumVisualStudioVersion = 10.0.40219.1
Project("{FAE04EC0-301F-11D3-BF4B-00C04F79EFBC}") = "Backend-SubscriptionManager", "Backend-SubscriptionManager\Backend-SubscriptionManager.csproj", "{CA235500-762E-4C06-B9AB-E1417CCE8E5D}"
EndProject
Global
	GlobalSection(SolutionConfigurationPlatforms) = preSolution
		Debug|Any CPU = Debug|Any CPU
		Release|Any CPU = Release|Any CPU
	EndGlobalSection
	GlobalSection(ProjectConfigurationPlatforms) = postSolution
		{CA235500-762E-4C06-B9AB-E1417CCE8E5D}.Debug|Any CPU.ActiveCfg = Debug|Any CPU
		{CA235500-762E-4C06-B9AB-E1417CCE8E5D}.Debug|Any CPU.Build.0 = Debug|Any CPU
		{CA235500-762E-4C06-B9AB-E1417CCE8E5D}.Release|Any CPU.ActiveCfg = Release|Any CPU
		{CA235500-762E-4C06-B9AB-E1417CCE8E5D}.Release|Any CPU.Build.0 = Release|Any CPU
	EndGlobalSection
	GlobalSection(SolutionProperties) = preSolution
		HideSolutionNode = FALSE
	EndGlobalSection
	GlobalSection(ExtensibilityGlobals) = postSolution
		SolutionGuid = {88A73088-D562-4EA5-BEAA-6E02B5CFFD75}
	EndGlobalSection
EndGlobal
